Microsoft Visual Studio Solution File, Format Version 12.00
# Visual Studio 16
Project("{2150E333-8FDC-42A3-9474-1A3956D46DE8}") = "CMakePredefinedTargets", "CMakePredefinedTargets", "{B5679480-77AB-3E8F-B160-8EA454B856DC}"
EndProject
Project("{2150E333-8FDC-42A3-9474-1A3956D46DE8}") = "external", "external", "{8333D9DF-B5E4-3FE7-895B-FDC0F12F2AD5}"
EndProject
Project("{2150E333-8FDC-42A3-9474-1A3956D46DE8}") = "tests", "tests", "{827F19BD-AF24-3183-B2F0-9E892CB388CB}"
EndProject
Project("{8BC9CEB8-8B4A-11D0-8D11-00A0C91BC942}") = "ALL_BUILD", "ALL_BUILD.vcxproj", "{1CFF106B-97CD-39AF-9B3C-0752993BD4BE}"
	ProjectSection(ProjectDependencies) = postProject
		{BCD71AB0-94EE-3079-8579-F0E6A3797359} = {BCD71AB0-94EE-3079-8579-F0E6A3797359}
		{8463E345-16C7-3768-AC9C-038E1CA4DCC2} = {8463E345-16C7-3768-AC9C-038E1CA4DCC2}
		{42ED5C5E-CB51-3F32-8799-7F6226592D80} = {42ED5C5E-CB51-3F32-8799-7F6226592D80}
		{FAB1F674-280A-301D-87AB-58EFA76C3B97} = {FAB1F674-280A-301D-87AB-58EFA76C3B97}
		{44CDFB8C-2F22-32C2-A369-BA3E3D2AE1CD} = {44CDFB8C-2F22-32C2-A369-BA3E3D2AE1CD}
		{DEDED075-36BA-3160-B1FB-00589BFFE6D3} = {DEDED075-36BA-3160-B1FB-00589BFFE6D3}
		{6E802E47-D5B7-3ADE-B512-4CEC97AA1ECB} = {6E802E47-D5B7-3ADE-B512-4CEC97AA1ECB}
		{A679DFC5-C720-3E27-A0FC-A711E35E983C} = {A679DFC5-C720-3E27-A0FC-A711E35E983C}
		{DC1107B3-25CE-3F98-B82E-73F3570284F3} = {DC1107B3-25CE-3F98-B82E-73F3570284F3}
		{7337392B-3580-3749-BB38-21FA8D63DA01} = {7337392B-3580-3749-BB38-21FA8D63DA01}
		{EA6AD468-8C46-32E3-A27D-9DD14C4AEAB0} = {EA6AD468-8C46-32E3-A27D-9DD14C4AEAB0}
		{6880ABC9-3D9F-3DDE-AB91-C276306BAE8B} = {6880ABC9-3D9F-3DDE-AB91-C276306BAE8B}
		{F7826DCC-6798-3B37-904A-7A87BA2500FB} = {F7826DCC-6798-3B37-904A-7A87BA2500FB}
		{3A5C76B8-8882-3B68-A68C-2183EDD77248} = {3A5C76B8-8882-3B68-A68C-2183EDD77248}
		{460EF14B-50BB-3AB5-BA31-2D6ECE2BDE10} = {460EF14B-50BB-3AB5-BA31-2D6ECE2BDE10}
		{4FCF6D05-0E9F-3F1C-8EE9-397DEA311E57} = {4FCF6D05-0E9F-3F1C-8EE9-397DEA311E57}
		{BC574174-D077-3DDD-A0B7-30F665C68BDD} = {BC574174-D077-3DDD-A0B7-30F665C68BDD}
		{2C0A74F1-2AAD-3554-963D-77428B72F5ED} = {2C0A74F1-2AAD-3554-963D-77428B72F5ED}
		{2C759EC0-37A8-3687-AE13-FD984117C866} = {2C759EC0-37A8-3687-AE13-FD984117C866}
		{CC791BE9-79CA-3A67-980F-2FAF9EDF80F5} = {CC791BE9-79CA-3A67-980F-2FAF9EDF80F5}
		{746CB1E0-6030-3027-9462-027260DE7D46} = {746CB1E0-6030-3027-9462-027260DE7D46}
		{E52FDA45-E16F-3D5F-BB7A-F38C575F6B41} = {E52FDA45-E16F-3D5F-BB7A-F38C575F6B41}
		{13553A07-15F6-3835-90CA-A51289F0716B} = {13553A07-15F6-3835-90CA-A51289F0716B}
		{223B9E94-708A-33C8-81DD-2F6849F44804} = {223B9E94-708A-33C8-81DD-2F6849F44804}
		{4F4F5FF6-8807-3EA9-B656-4BD4C3519513} = {4F4F5FF6-8807-3EA9-B656-4BD4C3519513}
		{C8ED4765-BD00-3040-ADBD-6067D53C281F} = {C8ED4765-BD00-3040-ADBD-6067D53C281F}
		{0B032A15-328A-3F08-8274-FBF562A6DDE2} = {0B032A15-328A-3F08-8274-FBF562A6DDE2}
		{2532C784-BAFC-34AE-B306-89E1FB1849CF} = {2532C784-BAFC-34AE-B306-89E1FB1849CF}
		{77782B97-6297-3395-8B9A-F8F68C5F09E5} = {77782B97-6297-3395-8B9A-F8F68C5F09E5}
		{D4C65DA1-A7BE-3BF3-A3FA-FE666F4C6EF0} = {D4C65DA1-A7BE-3BF3-A3FA-FE666F4C6EF0}
		{B365616A-6B04-3A15-BF3D-EA794505F4B8} = {B365616A-6B04-3A15-BF3D-EA794505F4B8}
		{6F37D858-DDA8-3520-8549-9A63E93B67F3} = {6F37D858-DDA8-3520-8549-9A63E93B67F3}
		{2D406385-D8B8-354B-AD7E-1E5A9A369287} = {2D406385-D8B8-354B-AD7E-1E5A9A369287}
		{EBB2FADB-78FB-36CA-A3DF-A191561A07F8} = {EBB2FADB-78FB-36CA-A3DF-A191561A07F8}
		{FD8FE6FA-CBE6-3E0B-B5AE-E7ADFB8B828A} = {FD8FE6FA-CBE6-3E0B-B5AE-E7ADFB8B828A}
		{5CE59687-E560-323D-A521-613342FB96EE} = {5CE59687-E560-323D-A521-613342FB96EE}
		{04BE2511-B843-3C6D-A265-E05BEC8C661B} = {04BE2511-B843-3C6D-A265-E05BEC8C661B}
		{E216B0AF-8572-3FF6-AA38-AA0C4D8C8601} = {E216B0AF-8572-3FF6-AA38-AA0C4D8C8601}
	EndProjectSection
EndProject
Project("{8BC9CEB8-8B4A-11D0-8D11-00A0C91BC942}") = "BlockchainExplorer", "src\BlockchainExplorer.vcxproj", "{BCD71AB0-94EE-3079-8579-F0E6A3797359}"
	ProjectSection(ProjectDependencies) = postProject
	EndProjectSection
EndProject
Project("{8BC9CEB8-8B4A-11D0-8D11-00A0C91BC942}") = "Common", "src\Common.vcxproj", "{8463E345-16C7-3768-AC9C-038E1CA4DCC2}"
	ProjectSection(ProjectDependencies) = postProject
	EndProjectSection
EndProject
Project("{8BC9CEB8-8B4A-11D0-8D11-00A0C91BC942}") = "ConnectivityTool", "src\ConnectivityTool.vcxproj", "{42ED5C5E-CB51-3F32-8799-7F6226592D80}"
	ProjectSection(ProjectDependencies) = postProject
		{8463E345-16C7-3768-AC9C-038E1CA4DCC2} = {8463E345-16C7-3768-AC9C-038E1CA4DCC2}
		{44CDFB8C-2F22-32C2-A369-BA3E3D2AE1CD} = {44CDFB8C-2F22-32C2-A369-BA3E3D2AE1CD}
		{DEDED075-36BA-3160-B1FB-00589BFFE6D3} = {DEDED075-36BA-3160-B1FB-00589BFFE6D3}
		{6880ABC9-3D9F-3DDE-AB91-C276306BAE8B} = {6880ABC9-3D9F-3DDE-AB91-C276306BAE8B}
		{BC574174-D077-3DDD-A0B7-30F665C68BDD} = {BC574174-D077-3DDD-A0B7-30F665C68BDD}
		{746CB1E0-6030-3027-9462-027260DE7D46} = {746CB1E0-6030-3027-9462-027260DE7D46}
		{4F4F5FF6-8807-3EA9-B656-4BD4C3519513} = {4F4F5FF6-8807-3EA9-B656-4BD4C3519513}
		{C8ED4765-BD00-3040-ADBD-6067D53C281F} = {C8ED4765-BD00-3040-ADBD-6067D53C281F}
		{2532C784-BAFC-34AE-B306-89E1FB1849CF} = {2532C784-BAFC-34AE-B306-89E1FB1849CF}
		{E216B0AF-8572-3FF6-AA38-AA0C4D8C8601} = {E216B0AF-8572-3FF6-AA38-AA0C4D8C8601}
	EndProjectSection
EndProject
Project("{8BC9CEB8-8B4A-11D0-8D11-00A0C91BC942}") = "CoreTests", "tests\CoreTests.vcxproj", "{FAB1F674-280A-301D-87AB-58EFA76C3B97}"
	ProjectSection(ProjectDependencies) = postProject
		{BCD71AB0-94EE-3079-8579-F0E6A3797359} = {BCD71AB0-94EE-3079-8579-F0E6A3797359}
		{8463E345-16C7-3768-AC9C-038E1CA4DCC2} = {8463E345-16C7-3768-AC9C-038E1CA4DCC2}
		{44CDFB8C-2F22-32C2-A369-BA3E3D2AE1CD} = {44CDFB8C-2F22-32C2-A369-BA3E3D2AE1CD}
		{DEDED075-36BA-3160-B1FB-00589BFFE6D3} = {DEDED075-36BA-3160-B1FB-00589BFFE6D3}
		{BC574174-D077-3DDD-A0B7-30F665C68BDD} = {BC574174-D077-3DDD-A0B7-30F665C68BDD}
		{C8ED4765-BD00-3040-ADBD-6067D53C281F} = {C8ED4765-BD00-3040-ADBD-6067D53C281F}
		{2532C784-BAFC-34AE-B306-89E1FB1849CF} = {2532C784-BAFC-34AE-B306-89E1FB1849CF}
		{D4C65DA1-A7BE-3BF3-A3FA-FE666F4C6EF0} = {D4C65DA1-A7BE-3BF3-A3FA-FE666F4C6EF0}
	EndProjectSection
EndProject
Project("{8BC9CEB8-8B4A-11D0-8D11-00A0C91BC942}") = "Crypto", "src\Crypto.vcxproj", "{44CDFB8C-2F22-32C2-A369-BA3E3D2AE1CD}"
	ProjectSection(ProjectDependencies) = postProject
	EndProjectSection
EndProject
Project("{8BC9CEB8-8B4A-11D0-8D11-00A0C91BC942}") = "CryptoNoteCore", "src\CryptoNoteCore.vcxproj", "{DEDED075-36BA-3160-B1FB-00589BFFE6D3}"
	ProjectSection(ProjectDependencies) = postProject
	EndProjectSection
EndProject
Project("{8BC9CEB8-8B4A-11D0-8D11-00A0C91BC942}") = "CryptoTests", "tests\CryptoTests.vcxproj", "{6E802E47-D5B7-3ADE-B512-4CEC97AA1ECB}"
	ProjectSection(ProjectDependencies) = postProject
	EndProjectSection
EndProject
Project("{8BC9CEB8-8B4A-11D0-8D11-00A0C91BC942}") = "Daemon", "src\Daemon.vcxproj", "{A679DFC5-C720-3E27-A0FC-A711E35E983C}"
	ProjectSection(ProjectDependencies) = postProject
		{BCD71AB0-94EE-3079-8579-F0E6A3797359} = {BCD71AB0-94EE-3079-8579-F0E6A3797359}
		{8463E345-16C7-3768-AC9C-038E1CA4DCC2} = {8463E345-16C7-3768-AC9C-038E1CA4DCC2}
		{44CDFB8C-2F22-32C2-A369-BA3E3D2AE1CD} = {44CDFB8C-2F22-32C2-A369-BA3E3D2AE1CD}
		{DEDED075-36BA-3160-B1FB-00589BFFE6D3} = {DEDED075-36BA-3160-B1FB-00589BFFE6D3}
		{6880ABC9-3D9F-3DDE-AB91-C276306BAE8B} = {6880ABC9-3D9F-3DDE-AB91-C276306BAE8B}
		{BC574174-D077-3DDD-A0B7-30F665C68BDD} = {BC574174-D077-3DDD-A0B7-30F665C68BDD}
		{746CB1E0-6030-3027-9462-027260DE7D46} = {746CB1E0-6030-3027-9462-027260DE7D46}
		{4F4F5FF6-8807-3EA9-B656-4BD4C3519513} = {4F4F5FF6-8807-3EA9-B656-4BD4C3519513}
		{C8ED4765-BD00-3040-ADBD-6067D53C281F} = {C8ED4765-BD00-3040-ADBD-6067D53C281F}
		{2532C784-BAFC-34AE-B306-89E1FB1849CF} = {2532C784-BAFC-34AE-B306-89E1FB1849CF}
		{04BE2511-B843-3C6D-A265-E05BEC8C661B} = {04BE2511-B843-3C6D-A265-E05BEC8C661B}
		{E216B0AF-8572-3FF6-AA38-AA0C4D8C8601} = {E216B0AF-8572-3FF6-AA38-AA0C4D8C8601}
	EndProjectSection
EndProject
Project("{8BC9CEB8-8B4A-11D0-8D11-00A0C91BC942}") = "DifficultyTests", "tests\DifficultyTests.vcxproj", "{DC1107B3-25CE-3F98-B82E-73F3570284F3}"
	ProjectSection(ProjectDependencies) = postProject
		{8463E345-16C7-3768-AC9C-038E1CA4DCC2} = {8463E345-16C7-3768-AC9C-038E1CA4DCC2}
		{44CDFB8C-2F22-32C2-A369-BA3E3D2AE1CD} = {44CDFB8C-2F22-32C2-A369-BA3E3D2AE1CD}
		{DEDED075-36BA-3160-B1FB-00589BFFE6D3} = {DEDED075-36BA-3160-B1FB-00589BFFE6D3}
		{BC574174-D077-3DDD-A0B7-30F665C68BDD} = {BC574174-D077-3DDD-A0B7-30F665C68BDD}
		{C8ED4765-BD00-3040-ADBD-6067D53C281F} = {C8ED4765-BD00-3040-ADBD-6067D53C281F}
	EndProjectSection
EndProject
Project("{8BC9CEB8-8B4A-11D0-8D11-00A0C91BC942}") = "HashTargetTests", "tests\HashTargetTests.vcxproj", "{7337392B-3580-3749-BB38-21FA8D63DA01}"
	ProjectSection(ProjectDependencies) = postProject
		{44CDFB8C-2F22-32C2-A369-BA3E3D2AE1CD} = {44CDFB8C-2F22-32C2-A369-BA3E3D2AE1CD}
		{DEDED075-36BA-3160-B1FB-00589BFFE6D3} = {DEDED075-36BA-3160-B1FB-00589BFFE6D3}
	EndProjectSection
EndProject
Project("{8BC9CEB8-8B4A-11D0-8D11-00A0C91BC942}") = "HashTests", "tests\HashTests.vcxproj", "{EA6AD468-8C46-32E3-A27D-9DD14C4AEAB0}"
	ProjectSection(ProjectDependencies) = postProject
		{44CDFB8C-2F22-32C2-A369-BA3E3D2AE1CD} = {44CDFB8C-2F22-32C2-A369-BA3E3D2AE1CD}
	EndProjectSection
EndProject
Project("{8BC9CEB8-8B4A-11D0-8D11-00A0C91BC942}") = "Http", "src\Http.vcxproj", "{6880ABC9-3D9F-3DDE-AB91-C276306BAE8B}"
	ProjectSection(ProjectDependencies) = postProject
	EndProjectSection
EndProject
Project("{8BC9CEB8-8B4A-11D0-8D11-00A0C91BC942}") = "InProcessNode", "src\InProcessNode.vcxproj", "{F7826DCC-6798-3B37-904A-7A87BA2500FB}"
	ProjectSection(ProjectDependencies) = postProject
	EndProjectSection
EndProject
Project("{8BC9CEB8-8B4A-11D0-8D11-00A0C91BC942}") = "IntegrationTestLibrary", "tests\IntegrationTestLibrary.vcxproj", "{3A5C76B8-8882-3B68-A68C-2183EDD77248}"
	ProjectSection(ProjectDependencies) = postProject
		{E216B0AF-8572-3FF6-AA38-AA0C4D8C8601} = {E216B0AF-8572-3FF6-AA38-AA0C4D8C8601}
	EndProjectSection
EndProject
Project("{8BC9CEB8-8B4A-11D0-8D11-00A0C91BC942}") = "IntegrationTests", "tests\IntegrationTests.vcxproj", "{460EF14B-50BB-3AB5-BA31-2D6ECE2BDE10}"
	ProjectSection(ProjectDependencies) = postProject
		{BCD71AB0-94EE-3079-8579-F0E6A3797359} = {BCD71AB0-94EE-3079-8579-F0E6A3797359}
		{8463E345-16C7-3768-AC9C-038E1CA4DCC2} = {8463E345-16C7-3768-AC9C-038E1CA4DCC2}
		{44CDFB8C-2F22-32C2-A369-BA3E3D2AE1CD} = {44CDFB8C-2F22-32C2-A369-BA3E3D2AE1CD}
		{DEDED075-36BA-3160-B1FB-00589BFFE6D3} = {DEDED075-36BA-3160-B1FB-00589BFFE6D3}
		{6880ABC9-3D9F-3DDE-AB91-C276306BAE8B} = {6880ABC9-3D9F-3DDE-AB91-C276306BAE8B}
		{F7826DCC-6798-3B37-904A-7A87BA2500FB} = {F7826DCC-6798-3B37-904A-7A87BA2500FB}
		{3A5C76B8-8882-3B68-A68C-2183EDD77248} = {3A5C76B8-8882-3B68-A68C-2183EDD77248}
		{BC574174-D077-3DDD-A0B7-30F665C68BDD} = {BC574174-D077-3DDD-A0B7-30F665C68BDD}
		{2C759EC0-37A8-3687-AE13-FD984117C866} = {2C759EC0-37A8-3687-AE13-FD984117C866}
		{746CB1E0-6030-3027-9462-027260DE7D46} = {746CB1E0-6030-3027-9462-027260DE7D46}
		{4F4F5FF6-8807-3EA9-B656-4BD4C3519513} = {4F4F5FF6-8807-3EA9-B656-4BD4C3519513}
		{C8ED4765-BD00-3040-ADBD-6067D53C281F} = {C8ED4765-BD00-3040-ADBD-6067D53C281F}
		{2532C784-BAFC-34AE-B306-89E1FB1849CF} = {2532C784-BAFC-34AE-B306-89E1FB1849CF}
		{B365616A-6B04-3A15-BF3D-EA794505F4B8} = {B365616A-6B04-3A15-BF3D-EA794505F4B8}
		{EBB2FADB-78FB-36CA-A3DF-A191561A07F8} = {EBB2FADB-78FB-36CA-A3DF-A191561A07F8}
		{FD8FE6FA-CBE6-3E0B-B5AE-E7ADFB8B828A} = {FD8FE6FA-CBE6-3E0B-B5AE-E7ADFB8B828A}
		{04BE2511-B843-3C6D-A265-E05BEC8C661B} = {04BE2511-B843-3C6D-A265-E05BEC8C661B}
	EndProjectSection
EndProject
Project("{8BC9CEB8-8B4A-11D0-8D11-00A0C91BC942}") = "JsonRpcServer", "src\JsonRpcServer.vcxproj", "{4FCF6D05-0E9F-3F1C-8EE9-397DEA311E57}"
	ProjectSection(ProjectDependencies) = postProject
	EndProjectSection
EndProject
Project("{8BC9CEB8-8B4A-11D0-8D11-00A0C91BC942}") = "Logging", "src\Logging.vcxproj", "{BC574174-D077-3DDD-A0B7-30F665C68BDD}"
	ProjectSection(ProjectDependencies) = postProject
	EndProjectSection
EndProject
Project("{8BC9CEB8-8B4A-11D0-8D11-00A0C91BC942}") = "Miner", "src\Miner.vcxproj", "{2C0A74F1-2AAD-3554-963D-77428B72F5ED}"
	ProjectSection(ProjectDependencies) = postProject
		{8463E345-16C7-3768-AC9C-038E1CA4DCC2} = {8463E345-16C7-3768-AC9C-038E1CA4DCC2}
		{44CDFB8C-2F22-32C2-A369-BA3E3D2AE1CD} = {44CDFB8C-2F22-32C2-A369-BA3E3D2AE1CD}
		{DEDED075-36BA-3160-B1FB-00589BFFE6D3} = {DEDED075-36BA-3160-B1FB-00589BFFE6D3}
		{6880ABC9-3D9F-3DDE-AB91-C276306BAE8B} = {6880ABC9-3D9F-3DDE-AB91-C276306BAE8B}
		{BC574174-D077-3DDD-A0B7-30F665C68BDD} = {BC574174-D077-3DDD-A0B7-30F665C68BDD}
		{4F4F5FF6-8807-3EA9-B656-4BD4C3519513} = {4F4F5FF6-8807-3EA9-B656-4BD4C3519513}
		{C8ED4765-BD00-3040-ADBD-6067D53C281F} = {C8ED4765-BD00-3040-ADBD-6067D53C281F}
		{2532C784-BAFC-34AE-B306-89E1FB1849CF} = {2532C784-BAFC-34AE-B306-89E1FB1849CF}
	EndProjectSection
EndProject
Project("{8BC9CEB8-8B4A-11D0-8D11-00A0C91BC942}") = "NodeRpcProxy", "src\NodeRpcProxy.vcxproj", "{2C759EC0-37A8-3687-AE13-FD984117C866}"
	ProjectSection(ProjectDependencies) = postProject
	EndProjectSection
EndProject
Project("{8BC9CEB8-8B4A-11D0-8D11-00A0C91BC942}") = "NodeRpcProxyTests", "tests\NodeRpcProxyTests.vcxproj", "{CC791BE9-79CA-3A67-980F-2FAF9EDF80F5}"
	ProjectSection(ProjectDependencies) = postProject
		{8463E345-16C7-3768-AC9C-038E1CA4DCC2} = {8463E345-16C7-3768-AC9C-038E1CA4DCC2}
		{44CDFB8C-2F22-32C2-A369-BA3E3D2AE1CD} = {44CDFB8C-2F22-32C2-A369-BA3E3D2AE1CD}
		{DEDED075-36BA-3160-B1FB-00589BFFE6D3} = {DEDED075-36BA-3160-B1FB-00589BFFE6D3}
		{6880ABC9-3D9F-3DDE-AB91-C276306BAE8B} = {6880ABC9-3D9F-3DDE-AB91-C276306BAE8B}
		{BC574174-D077-3DDD-A0B7-30F665C68BDD} = {BC574174-D077-3DDD-A0B7-30F665C68BDD}
		{2C759EC0-37A8-3687-AE13-FD984117C866} = {2C759EC0-37A8-3687-AE13-FD984117C866}
		{4F4F5FF6-8807-3EA9-B656-4BD4C3519513} = {4F4F5FF6-8807-3EA9-B656-4BD4C3519513}
		{C8ED4765-BD00-3040-ADBD-6067D53C281F} = {C8ED4765-BD00-3040-ADBD-6067D53C281F}
		{2532C784-BAFC-34AE-B306-89E1FB1849CF} = {2532C784-BAFC-34AE-B306-89E1FB1849CF}
	EndProjectSection
EndProject
Project("{8BC9CEB8-8B4A-11D0-8D11-00A0C91BC942}") = "P2P", "src\P2P.vcxproj", "{746CB1E0-6030-3027-9462-027260DE7D46}"
	ProjectSection(ProjectDependencies) = postProject
		{E216B0AF-8572-3FF6-AA38-AA0C4D8C8601} = {E216B0AF-8572-3FF6-AA38-AA0C4D8C8601}
	EndProjectSection
EndProject
Project("{8BC9CEB8-8B4A-11D0-8D11-00A0C91BC942}") = "PaymentGate", "src\PaymentGate.vcxproj", "{E52FDA45-E16F-3D5F-BB7A-F38C575F6B41}"
	ProjectSection(ProjectDependencies) = postProject
	EndProjectSection
EndProject
Project("{8BC9CEB8-8B4A-11D0-8D11-00A0C91BC942}") = "PaymentGateService", "src\PaymentGateService.vcxproj", "{13553A07-15F6-3835-90CA-A51289F0716B}"
	ProjectSection(ProjectDependencies) = postProject
		{BCD71AB0-94EE-3079-8579-F0E6A3797359} = {BCD71AB0-94EE-3079-8579-F0E6A3797359}
		{8463E345-16C7-3768-AC9C-038E1CA4DCC2} = {8463E345-16C7-3768-AC9C-038E1CA4DCC2}
		{44CDFB8C-2F22-32C2-A369-BA3E3D2AE1CD} = {44CDFB8C-2F22-32C2-A369-BA3E3D2AE1CD}
		{DEDED075-36BA-3160-B1FB-00589BFFE6D3} = {DEDED075-36BA-3160-B1FB-00589BFFE6D3}
		{6880ABC9-3D9F-3DDE-AB91-C276306BAE8B} = {6880ABC9-3D9F-3DDE-AB91-C276306BAE8B}
		{F7826DCC-6798-3B37-904A-7A87BA2500FB} = {F7826DCC-6798-3B37-904A-7A87BA2500FB}
		{4FCF6D05-0E9F-3F1C-8EE9-397DEA311E57} = {4FCF6D05-0E9F-3F1C-8EE9-397DEA311E57}
		{BC574174-D077-3DDD-A0B7-30F665C68BDD} = {BC574174-D077-3DDD-A0B7-30F665C68BDD}
		{2C759EC0-37A8-3687-AE13-FD984117C866} = {2C759EC0-37A8-3687-AE13-FD984117C866}
		{746CB1E0-6030-3027-9462-027260DE7D46} = {746CB1E0-6030-3027-9462-027260DE7D46}
		{E52FDA45-E16F-3D5F-BB7A-F38C575F6B41} = {E52FDA45-E16F-3D5F-BB7A-F38C575F6B41}
		{4F4F5FF6-8807-3EA9-B656-4BD4C3519513} = {4F4F5FF6-8807-3EA9-B656-4BD4C3519513}
		{C8ED4765-BD00-3040-ADBD-6067D53C281F} = {C8ED4765-BD00-3040-ADBD-6067D53C281F}
		{2532C784-BAFC-34AE-B306-89E1FB1849CF} = {2532C784-BAFC-34AE-B306-89E1FB1849CF}
		{B365616A-6B04-3A15-BF3D-EA794505F4B8} = {B365616A-6B04-3A15-BF3D-EA794505F4B8}
		{EBB2FADB-78FB-36CA-A3DF-A191561A07F8} = {EBB2FADB-78FB-36CA-A3DF-A191561A07F8}
		{04BE2511-B843-3C6D-A265-E05BEC8C661B} = {04BE2511-B843-3C6D-A265-E05BEC8C661B}
		{E216B0AF-8572-3FF6-AA38-AA0C4D8C8601} = {E216B0AF-8572-3FF6-AA38-AA0C4D8C8601}
	EndProjectSection
EndProject
Project("{8BC9CEB8-8B4A-11D0-8D11-00A0C91BC942}") = "PerformanceTests", "tests\PerformanceTests.vcxproj", "{223B9E94-708A-33C8-81DD-2F6849F44804}"
	ProjectSection(ProjectDependencies) = postProject
		{8463E345-16C7-3768-AC9C-038E1CA4DCC2} = {8463E345-16C7-3768-AC9C-038E1CA4DCC2}
		{44CDFB8C-2F22-32C2-A369-BA3E3D2AE1CD} = {44CDFB8C-2F22-32C2-A369-BA3E3D2AE1CD}
		{DEDED075-36BA-3160-B1FB-00589BFFE6D3} = {DEDED075-36BA-3160-B1FB-00589BFFE6D3}
		{BC574174-D077-3DDD-A0B7-30F665C68BDD} = {BC574174-D077-3DDD-A0B7-30F665C68BDD}
		{C8ED4765-BD00-3040-ADBD-6067D53C281F} = {C8ED4765-BD00-3040-ADBD-6067D53C281F}
	EndProjectSection
EndProject
Project("{8BC9CEB8-8B4A-11D0-8D11-00A0C91BC942}") = "RUN_TESTS", "RUN_TESTS.vcxproj", "{10ACAAF8-7E5A-38E6-BAA8-CBDD75D4DF6C}"
	ProjectSection(ProjectDependencies) = postProject
	EndProjectSection
EndProject
Project("{8BC9CEB8-8B4A-11D0-8D11-00A0C91BC942}") = "Rpc", "src\Rpc.vcxproj", "{4F4F5FF6-8807-3EA9-B656-4BD4C3519513}"
	ProjectSection(ProjectDependencies) = postProject
		{E216B0AF-8572-3FF6-AA38-AA0C4D8C8601} = {E216B0AF-8572-3FF6-AA38-AA0C4D8C8601}
	EndProjectSection
EndProject
Project("{8BC9CEB8-8B4A-11D0-8D11-00A0C91BC942}") = "Serialization", "src\Serialization.vcxproj", "{C8ED4765-BD00-3040-ADBD-6067D53C281F}"
	ProjectSection(ProjectDependencies) = postProject
	EndProjectSection
EndProject
Project("{8BC9CEB8-8B4A-11D0-8D11-00A0C91BC942}") = "SimpleWallet", "src\SimpleWallet.vcxproj", "{0B032A15-328A-3F08-8274-FBF562A6DDE2}"
	ProjectSection(ProjectDependencies) = postProject
		{8463E345-16C7-3768-AC9C-038E1CA4DCC2} = {8463E345-16C7-3768-AC9C-038E1CA4DCC2}
		{44CDFB8C-2F22-32C2-A369-BA3E3D2AE1CD} = {44CDFB8C-2F22-32C2-A369-BA3E3D2AE1CD}
		{DEDED075-36BA-3160-B1FB-00589BFFE6D3} = {DEDED075-36BA-3160-B1FB-00589BFFE6D3}
		{6880ABC9-3D9F-3DDE-AB91-C276306BAE8B} = {6880ABC9-3D9F-3DDE-AB91-C276306BAE8B}
		{BC574174-D077-3DDD-A0B7-30F665C68BDD} = {BC574174-D077-3DDD-A0B7-30F665C68BDD}
		{2C759EC0-37A8-3687-AE13-FD984117C866} = {2C759EC0-37A8-3687-AE13-FD984117C866}
		{4F4F5FF6-8807-3EA9-B656-4BD4C3519513} = {4F4F5FF6-8807-3EA9-B656-4BD4C3519513}
		{C8ED4765-BD00-3040-ADBD-6067D53C281F} = {C8ED4765-BD00-3040-ADBD-6067D53C281F}
		{2532C784-BAFC-34AE-B306-89E1FB1849CF} = {2532C784-BAFC-34AE-B306-89E1FB1849CF}
		{B365616A-6B04-3A15-BF3D-EA794505F4B8} = {B365616A-6B04-3A15-BF3D-EA794505F4B8}
		{EBB2FADB-78FB-36CA-A3DF-A191561A07F8} = {EBB2FADB-78FB-36CA-A3DF-A191561A07F8}
		{E216B0AF-8572-3FF6-AA38-AA0C4D8C8601} = {E216B0AF-8572-3FF6-AA38-AA0C4D8C8601}
	EndProjectSection
EndProject
Project("{8BC9CEB8-8B4A-11D0-8D11-00A0C91BC942}") = "System", "src\System.vcxproj", "{2532C784-BAFC-34AE-B306-89E1FB1849CF}"
	ProjectSection(ProjectDependencies) = postProject
	EndProjectSection
EndProject
Project("{8BC9CEB8-8B4A-11D0-8D11-00A0C91BC942}") = "SystemTests", "tests\SystemTests.vcxproj", "{77782B97-6297-3395-8B9A-F8F68C5F09E5}"
	ProjectSection(ProjectDependencies) = postProject
		{2532C784-BAFC-34AE-B306-89E1FB1849CF} = {2532C784-BAFC-34AE-B306-89E1FB1849CF}
		{FD8FE6FA-CBE6-3E0B-B5AE-E7ADFB8B828A} = {FD8FE6FA-CBE6-3E0B-B5AE-E7ADFB8B828A}
		{5CE59687-E560-323D-A521-613342FB96EE} = {5CE59687-E560-323D-A521-613342FB96EE}
	EndProjectSection
EndProject
Project("{8BC9CEB8-8B4A-11D0-8D11-00A0C91BC942}") = "TestGenerator", "tests\TestGenerator.vcxproj", "{D4C65DA1-A7BE-3BF3-A3FA-FE666F4C6EF0}"
	ProjectSection(ProjectDependencies) = postProject
	EndProjectSection
EndProject
Project("{8BC9CEB8-8B4A-11D0-8D11-00A0C91BC942}") = "Transfers", "src\Transfers.vcxproj", "{B365616A-6B04-3A15-BF3D-EA794505F4B8}"
	ProjectSection(ProjectDependencies) = postProject
	EndProjectSection
EndProject
Project("{8BC9CEB8-8B4A-11D0-8D11-00A0C91BC942}") = "TransfersTests", "tests\TransfersTests.vcxproj", "{6F37D858-DDA8-3520-8549-9A63E93B67F3}"
	ProjectSection(ProjectDependencies) = postProject
		{BCD71AB0-94EE-3079-8579-F0E6A3797359} = {BCD71AB0-94EE-3079-8579-F0E6A3797359}
		{8463E345-16C7-3768-AC9C-038E1CA4DCC2} = {8463E345-16C7-3768-AC9C-038E1CA4DCC2}
		{44CDFB8C-2F22-32C2-A369-BA3E3D2AE1CD} = {44CDFB8C-2F22-32C2-A369-BA3E3D2AE1CD}
		{DEDED075-36BA-3160-B1FB-00589BFFE6D3} = {DEDED075-36BA-3160-B1FB-00589BFFE6D3}
		{6880ABC9-3D9F-3DDE-AB91-C276306BAE8B} = {6880ABC9-3D9F-3DDE-AB91-C276306BAE8B}
		{F7826DCC-6798-3B37-904A-7A87BA2500FB} = {F7826DCC-6798-3B37-904A-7A87BA2500FB}
		{3A5C76B8-8882-3B68-A68C-2183EDD77248} = {3A5C76B8-8882-3B68-A68C-2183EDD77248}
		{BC574174-D077-3DDD-A0B7-30F665C68BDD} = {BC574174-D077-3DDD-A0B7-30F665C68BDD}
		{2C759EC0-37A8-3687-AE13-FD984117C866} = {2C759EC0-37A8-3687-AE13-FD984117C866}
		{746CB1E0-6030-3027-9462-027260DE7D46} = {746CB1E0-6030-3027-9462-027260DE7D46}
		{4F4F5FF6-8807-3EA9-B656-4BD4C3519513} = {4F4F5FF6-8807-3EA9-B656-4BD4C3519513}
		{C8ED4765-BD00-3040-ADBD-6067D53C281F} = {C8ED4765-BD00-3040-ADBD-6067D53C281F}
		{2532C784-BAFC-34AE-B306-89E1FB1849CF} = {2532C784-BAFC-34AE-B306-89E1FB1849CF}
		{B365616A-6B04-3A15-BF3D-EA794505F4B8} = {B365616A-6B04-3A15-BF3D-EA794505F4B8}
		{EBB2FADB-78FB-36CA-A3DF-A191561A07F8} = {EBB2FADB-78FB-36CA-A3DF-A191561A07F8}
		{FD8FE6FA-CBE6-3E0B-B5AE-E7ADFB8B828A} = {FD8FE6FA-CBE6-3E0B-B5AE-E7ADFB8B828A}
		{5CE59687-E560-323D-A521-613342FB96EE} = {5CE59687-E560-323D-A521-613342FB96EE}
		{04BE2511-B843-3C6D-A265-E05BEC8C661B} = {04BE2511-B843-3C6D-A265-E05BEC8C661B}
	EndProjectSection
EndProject
Project("{8BC9CEB8-8B4A-11D0-8D11-00A0C91BC942}") = "UnitTests", "tests\UnitTests.vcxproj", "{2D406385-D8B8-354B-AD7E-1E5A9A369287}"
	ProjectSection(ProjectDependencies) = postProject
		{BCD71AB0-94EE-3079-8579-F0E6A3797359} = {BCD71AB0-94EE-3079-8579-F0E6A3797359}
		{8463E345-16C7-3768-AC9C-038E1CA4DCC2} = {8463E345-16C7-3768-AC9C-038E1CA4DCC2}
		{44CDFB8C-2F22-32C2-A369-BA3E3D2AE1CD} = {44CDFB8C-2F22-32C2-A369-BA3E3D2AE1CD}
		{DEDED075-36BA-3160-B1FB-00589BFFE6D3} = {DEDED075-36BA-3160-B1FB-00589BFFE6D3}
		{6880ABC9-3D9F-3DDE-AB91-C276306BAE8B} = {6880ABC9-3D9F-3DDE-AB91-C276306BAE8B}
		{F7826DCC-6798-3B37-904A-7A87BA2500FB} = {F7826DCC-6798-3B37-904A-7A87BA2500FB}
		{BC574174-D077-3DDD-A0B7-30F665C68BDD} = {BC574174-D077-3DDD-A0B7-30F665C68BDD}
		{2C759EC0-37A8-3687-AE13-FD984117C866} = {2C759EC0-37A8-3687-AE13-FD984117C866}
		{E52FDA45-E16F-3D5F-BB7A-F38C575F6B41} = {E52FDA45-E16F-3D5F-BB7A-F38C575F6B41}
		{4F4F5FF6-8807-3EA9-B656-4BD4C3519513} = {4F4F5FF6-8807-3EA9-B656-4BD4C3519513}
		{C8ED4765-BD00-3040-ADBD-6067D53C281F} = {C8ED4765-BD00-3040-ADBD-6067D53C281F}
		{2532C784-BAFC-34AE-B306-89E1FB1849CF} = {2532C784-BAFC-34AE-B306-89E1FB1849CF}
		{D4C65DA1-A7BE-3BF3-A3FA-FE666F4C6EF0} = {D4C65DA1-A7BE-3BF3-A3FA-FE666F4C6EF0}
		{B365616A-6B04-3A15-BF3D-EA794505F4B8} = {B365616A-6B04-3A15-BF3D-EA794505F4B8}
		{EBB2FADB-78FB-36CA-A3DF-A191561A07F8} = {EBB2FADB-78FB-36CA-A3DF-A191561A07F8}
		{FD8FE6FA-CBE6-3E0B-B5AE-E7ADFB8B828A} = {FD8FE6FA-CBE6-3E0B-B5AE-E7ADFB8B828A}
		{5CE59687-E560-323D-A521-613342FB96EE} = {5CE59687-E560-323D-A521-613342FB96EE}
	EndProjectSection
EndProject
Project("{8BC9CEB8-8B4A-11D0-8D11-00A0C91BC942}") = "Wallet", "src\Wallet.vcxproj", "{EBB2FADB-78FB-36CA-A3DF-A191561A07F8}"
	ProjectSection(ProjectDependencies) = postProject
	EndProjectSection
EndProject
Project("{8BC9CEB8-8B4A-11D0-8D11-00A0C91BC942}") = "gtest", "external\gtest\gtest.vcxproj", "{FD8FE6FA-CBE6-3E0B-B5AE-E7ADFB8B828A}"
	ProjectSection(ProjectDependencies) = postProject
	EndProjectSection
EndProject
Project("{8BC9CEB8-8B4A-11D0-8D11-00A0C91BC942}") = "gtest_main", "external\gtest\gtest_main.vcxproj", "{5CE59687-E560-323D-A521-613342FB96EE}"
	ProjectSection(ProjectDependencies) = postProject
		{FD8FE6FA-CBE6-3E0B-B5AE-E7ADFB8B828A} = {FD8FE6FA-CBE6-3E0B-B5AE-E7ADFB8B828A}
	EndProjectSection
EndProject
Project("{8BC9CEB8-8B4A-11D0-8D11-00A0C91BC942}") = "tests", "tests\tests.vcxproj", "{63A083AC-2DBB-348C-8F57-B4FA2F9E841F}"
	ProjectSection(ProjectDependencies) = postProject
		{FAB1F674-280A-301D-87AB-58EFA76C3B97} = {FAB1F674-280A-301D-87AB-58EFA76C3B97}
		{DC1107B3-25CE-3F98-B82E-73F3570284F3} = {DC1107B3-25CE-3F98-B82E-73F3570284F3}
		{7337392B-3580-3749-BB38-21FA8D63DA01} = {7337392B-3580-3749-BB38-21FA8D63DA01}
		{460EF14B-50BB-3AB5-BA31-2D6ECE2BDE10} = {460EF14B-50BB-3AB5-BA31-2D6ECE2BDE10}
		{CC791BE9-79CA-3A67-980F-2FAF9EDF80F5} = {CC791BE9-79CA-3A67-980F-2FAF9EDF80F5}
		{223B9E94-708A-33C8-81DD-2F6849F44804} = {223B9E94-708A-33C8-81DD-2F6849F44804}
		{77782B97-6297-3395-8B9A-F8F68C5F09E5} = {77782B97-6297-3395-8B9A-F8F68C5F09E5}
		{6F37D858-DDA8-3520-8549-9A63E93B67F3} = {6F37D858-DDA8-3520-8549-9A63E93B67F3}
		{2D406385-D8B8-354B-AD7E-1E5A9A369287} = {2D406385-D8B8-354B-AD7E-1E5A9A369287}
	EndProjectSection
EndProject
Project("{8BC9CEB8-8B4A-11D0-8D11-00A0C91BC942}") = "upnpc-static", "external\miniupnpc\upnpc-static.vcxproj", "{04BE2511-B843-3C6D-A265-E05BEC8C661B}"
	ProjectSection(ProjectDependencies) = postProject
	EndProjectSection
EndProject
Project("{8BC9CEB8-8B4A-11D0-8D11-00A0C91BC942}") = "version", "version.vcxproj", "{E216B0AF-8572-3FF6-AA38-AA0C4D8C8601}"
	ProjectSection(ProjectDependencies) = postProject
	EndProjectSection
EndProject
Global
	GlobalSection(SolutionConfigurationPlatforms) = preSolution
		Debug|x64 = Debug|x64
		RelWithDebInfo|x64 = RelWithDebInfo|x64
		Release|x64 = Release|x64
	EndGlobalSection
	GlobalSection(ProjectConfigurationPlatforms) = postSolution
		{1CFF106B-97CD-39AF-9B3C-0752993BD4BE}.Debug|x64.ActiveCfg = Debug|x64
		{1CFF106B-97CD-39AF-9B3C-0752993BD4BE}.RelWithDebInfo|x64.ActiveCfg = RelWithDebInfo|x64
		{1CFF106B-97CD-39AF-9B3C-0752993BD4BE}.Release|x64.ActiveCfg = Release|x64
		{BCD71AB0-94EE-3079-8579-F0E6A3797359}.Debug|x64.ActiveCfg = Debug|x64
		{BCD71AB0-94EE-3079-8579-F0E6A3797359}.Debug|x64.Build.0 = Debug|x64
		{BCD71AB0-94EE-3079-8579-F0E6A3797359}.RelWithDebInfo|x64.ActiveCfg = RelWithDebInfo|x64
		{BCD71AB0-94EE-3079-8579-F0E6A3797359}.RelWithDebInfo|x64.Build.0 = RelWithDebInfo|x64
		{BCD71AB0-94EE-3079-8579-F0E6A3797359}.Release|x64.ActiveCfg = Release|x64
		{BCD71AB0-94EE-3079-8579-F0E6A3797359}.Release|x64.Build.0 = Release|x64
		{8463E345-16C7-3768-AC9C-038E1CA4DCC2}.Debug|x64.ActiveCfg = Debug|x64
		{8463E345-16C7-3768-AC9C-038E1CA4DCC2}.Debug|x64.Build.0 = Debug|x64
		{8463E345-16C7-3768-AC9C-038E1CA4DCC2}.RelWithDebInfo|x64.ActiveCfg = RelWithDebInfo|x64
		{8463E345-16C7-3768-AC9C-038E1CA4DCC2}.RelWithDebInfo|x64.Build.0 = RelWithDebInfo|x64
		{8463E345-16C7-3768-AC9C-038E1CA4DCC2}.Release|x64.ActiveCfg = Release|x64
		{8463E345-16C7-3768-AC9C-038E1CA4DCC2}.Release|x64.Build.0 = Release|x64
		{42ED5C5E-CB51-3F32-8799-7F6226592D80}.Debug|x64.ActiveCfg = Debug|x64
		{42ED5C5E-CB51-3F32-8799-7F6226592D80}.Debug|x64.Build.0 = Debug|x64
		{42ED5C5E-CB51-3F32-8799-7F6226592D80}.RelWithDebInfo|x64.ActiveCfg = RelWithDebInfo|x64
		{42ED5C5E-CB51-3F32-8799-7F6226592D80}.RelWithDebInfo|x64.Build.0 = RelWithDebInfo|x64
		{42ED5C5E-CB51-3F32-8799-7F6226592D80}.Release|x64.ActiveCfg = Release|x64
		{42ED5C5E-CB51-3F32-8799-7F6226592D80}.Release|x64.Build.0 = Release|x64
		{FAB1F674-280A-301D-87AB-58EFA76C3B97}.Debug|x64.ActiveCfg = Debug|x64
		{FAB1F674-280A-301D-87AB-58EFA76C3B97}.Debug|x64.Build.0 = Debug|x64
		{FAB1F674-280A-301D-87AB-58EFA76C3B97}.RelWithDebInfo|x64.ActiveCfg = RelWithDebInfo|x64
		{FAB1F674-280A-301D-87AB-58EFA76C3B97}.RelWithDebInfo|x64.Build.0 = RelWithDebInfo|x64
		{FAB1F674-280A-301D-87AB-58EFA76C3B97}.Release|x64.ActiveCfg = Release|x64
		{FAB1F674-280A-301D-87AB-58EFA76C3B97}.Release|x64.Build.0 = Release|x64
		{44CDFB8C-2F22-32C2-A369-BA3E3D2AE1CD}.Debug|x64.ActiveCfg = Debug|x64
		{44CDFB8C-2F22-32C2-A369-BA3E3D2AE1CD}.Debug|x64.Build.0 = Debug|x64
		{44CDFB8C-2F22-32C2-A369-BA3E3D2AE1CD}.RelWithDebInfo|x64.ActiveCfg = RelWithDebInfo|x64
		{44CDFB8C-2F22-32C2-A369-BA3E3D2AE1CD}.RelWithDebInfo|x64.Build.0 = RelWithDebInfo|x64
		{44CDFB8C-2F22-32C2-A369-BA3E3D2AE1CD}.Release|x64.ActiveCfg = Release|x64
		{44CDFB8C-2F22-32C2-A369-BA3E3D2AE1CD}.Release|x64.Build.0 = Release|x64
		{DEDED075-36BA-3160-B1FB-00589BFFE6D3}.Debug|x64.ActiveCfg = Debug|x64
		{DEDED075-36BA-3160-B1FB-00589BFFE6D3}.Debug|x64.Build.0 = Debug|x64
		{DEDED075-36BA-3160-B1FB-00589BFFE6D3}.RelWithDebInfo|x64.ActiveCfg = RelWithDebInfo|x64
		{DEDED075-36BA-3160-B1FB-00589BFFE6D3}.RelWithDebInfo|x64.Build.0 = RelWithDebInfo|x64
		{DEDED075-36BA-3160-B1FB-00589BFFE6D3}.Release|x64.ActiveCfg = Release|x64
		{DEDED075-36BA-3160-B1FB-00589BFFE6D3}.Release|x64.Build.0 = Release|x64
		{6E802E47-D5B7-3ADE-B512-4CEC97AA1ECB}.Debug|x64.ActiveCfg = Debug|x64
		{6E802E47-D5B7-3ADE-B512-4CEC97AA1ECB}.Debug|x64.Build.0 = Debug|x64
		{6E802E47-D5B7-3ADE-B512-4CEC97AA1ECB}.RelWithDebInfo|x64.ActiveCfg = RelWithDebInfo|x64
		{6E802E47-D5B7-3ADE-B512-4CEC97AA1ECB}.RelWithDebInfo|x64.Build.0 = RelWithDebInfo|x64
		{6E802E47-D5B7-3ADE-B512-4CEC97AA1ECB}.Release|x64.ActiveCfg = Release|x64
		{6E802E47-D5B7-3ADE-B512-4CEC97AA1ECB}.Release|x64.Build.0 = Release|x64
		{A679DFC5-C720-3E27-A0FC-A711E35E983C}.Debug|x64.ActiveCfg = Debug|x64
		{A679DFC5-C720-3E27-A0FC-A711E35E983C}.Debug|x64.Build.0 = Debug|x64
		{A679DFC5-C720-3E27-A0FC-A711E35E983C}.RelWithDebInfo|x64.ActiveCfg = RelWithDebInfo|x64
		{A679DFC5-C720-3E27-A0FC-A711E35E983C}.RelWithDebInfo|x64.Build.0 = RelWithDebInfo|x64
		{A679DFC5-C720-3E27-A0FC-A711E35E983C}.Release|x64.ActiveCfg = Release|x64
		{A679DFC5-C720-3E27-A0FC-A711E35E983C}.Release|x64.Build.0 = Release|x64
		{DC1107B3-25CE-3F98-B82E-73F3570284F3}.Debug|x64.ActiveCfg = Debug|x64
		{DC1107B3-25CE-3F98-B82E-73F3570284F3}.Debug|x64.Build.0 = Debug|x64
		{DC1107B3-25CE-3F98-B82E-73F3570284F3}.RelWithDebInfo|x64.ActiveCfg = RelWithDebInfo|x64
		{DC1107B3-25CE-3F98-B82E-73F3570284F3}.RelWithDebInfo|x64.Build.0 = RelWithDebInfo|x64
		{DC1107B3-25CE-3F98-B82E-73F3570284F3}.Release|x64.ActiveCfg = Release|x64
		{DC1107B3-25CE-3F98-B82E-73F3570284F3}.Release|x64.Build.0 = Release|x64
		{7337392B-3580-3749-BB38-21FA8D63DA01}.Debug|x64.ActiveCfg = Debug|x64
		{7337392B-3580-3749-BB38-21FA8D63DA01}.Debug|x64.Build.0 = Debug|x64
		{7337392B-3580-3749-BB38-21FA8D63DA01}.RelWithDebInfo|x64.ActiveCfg = RelWithDebInfo|x64
		{7337392B-3580-3749-BB38-21FA8D63DA01}.RelWithDebInfo|x64.Build.0 = RelWithDebInfo|x64
		{7337392B-3580-3749-BB38-21FA8D63DA01}.Release|x64.ActiveCfg = Release|x64
		{7337392B-3580-3749-BB38-21FA8D63DA01}.Release|x64.Build.0 = Release|x64
		{EA6AD468-8C46-32E3-A27D-9DD14C4AEAB0}.Debug|x64.ActiveCfg = Debug|x64
		{EA6AD468-8C46-32E3-A27D-9DD14C4AEAB0}.Debug|x64.Build.0 = Debug|x64
		{EA6AD468-8C46-32E3-A27D-9DD14C4AEAB0}.RelWithDebInfo|x64.ActiveCfg = RelWithDebInfo|x64
		{EA6AD468-8C46-32E3-A27D-9DD14C4AEAB0}.RelWithDebInfo|x64.Build.0 = RelWithDebInfo|x64
		{EA6AD468-8C46-32E3-A27D-9DD14C4AEAB0}.Release|x64.ActiveCfg = Release|x64
		{EA6AD468-8C46-32E3-A27D-9DD14C4AEAB0}.Release|x64.Build.0 = Release|x64
		{6880ABC9-3D9F-3DDE-AB91-C276306BAE8B}.Debug|x64.ActiveCfg = Debug|x64
		{6880ABC9-3D9F-3DDE-AB91-C276306BAE8B}.Debug|x64.Build.0 = Debug|x64
		{6880ABC9-3D9F-3DDE-AB91-C276306BAE8B}.RelWithDebInfo|x64.ActiveCfg = RelWithDebInfo|x64
		{6880ABC9-3D9F-3DDE-AB91-C276306BAE8B}.RelWithDebInfo|x64.Build.0 = RelWithDebInfo|x64
		{6880ABC9-3D9F-3DDE-AB91-C276306BAE8B}.Release|x64.ActiveCfg = Release|x64
		{6880ABC9-3D9F-3DDE-AB91-C276306BAE8B}.Release|x64.Build.0 = Release|x64
		{F7826DCC-6798-3B37-904A-7A87BA2500FB}.Debug|x64.ActiveCfg = Debug|x64
		{F7826DCC-6798-3B37-904A-7A87BA2500FB}.Debug|x64.Build.0 = Debug|x64
		{F7826DCC-6798-3B37-904A-7A87BA2500FB}.RelWithDebInfo|x64.ActiveCfg = RelWithDebInfo|x64
		{F7826DCC-6798-3B37-904A-7A87BA2500FB}.RelWithDebInfo|x64.Build.0 = RelWithDebInfo|x64
		{F7826DCC-6798-3B37-904A-7A87BA2500FB}.Release|x64.ActiveCfg = Release|x64
		{F7826DCC-6798-3B37-904A-7A87BA2500FB}.Release|x64.Build.0 = Release|x64
		{3A5C76B8-8882-3B68-A68C-2183EDD77248}.Debug|x64.ActiveCfg = Debug|x64
		{3A5C76B8-8882-3B68-A68C-2183EDD77248}.Debug|x64.Build.0 = Debug|x64
		{3A5C76B8-8882-3B68-A68C-2183EDD77248}.RelWithDebInfo|x64.ActiveCfg = RelWithDebInfo|x64
		{3A5C76B8-8882-3B68-A68C-2183EDD77248}.RelWithDebInfo|x64.Build.0 = RelWithDebInfo|x64
		{3A5C76B8-8882-3B68-A68C-2183EDD77248}.Release|x64.ActiveCfg = Release|x64
		{3A5C76B8-8882-3B68-A68C-2183EDD77248}.Release|x64.Build.0 = Release|x64
		{460EF14B-50BB-3AB5-BA31-2D6ECE2BDE10}.Debug|x64.ActiveCfg = Debug|x64
		{460EF14B-50BB-3AB5-BA31-2D6ECE2BDE10}.Debug|x64.Build.0 = Debug|x64
		{460EF14B-50BB-3AB5-BA31-2D6ECE2BDE10}.RelWithDebInfo|x64.ActiveCfg = RelWithDebInfo|x64
		{460EF14B-50BB-3AB5-BA31-2D6ECE2BDE10}.RelWithDebInfo|x64.Build.0 = RelWithDebInfo|x64
		{460EF14B-50BB-3AB5-BA31-2D6ECE2BDE10}.Release|x64.ActiveCfg = Release|x64
		{460EF14B-50BB-3AB5-BA31-2D6ECE2BDE10}.Release|x64.Build.0 = Release|x64
		{4FCF6D05-0E9F-3F1C-8EE9-397DEA311E57}.Debug|x64.ActiveCfg = Debug|x64
		{4FCF6D05-0E9F-3F1C-8EE9-397DEA311E57}.Debug|x64.Build.0 = Debug|x64
		{4FCF6D05-0E9F-3F1C-8EE9-397DEA311E57}.RelWithDebInfo|x64.ActiveCfg = RelWithDebInfo|x64
		{4FCF6D05-0E9F-3F1C-8EE9-397DEA311E57}.RelWithDebInfo|x64.Build.0 = RelWithDebInfo|x64
		{4FCF6D05-0E9F-3F1C-8EE9-397DEA311E57}.Release|x64.ActiveCfg = Release|x64
		{4FCF6D05-0E9F-3F1C-8EE9-397DEA311E57}.Release|x64.Build.0 = Release|x64
		{BC574174-D077-3DDD-A0B7-30F665C68BDD}.Debug|x64.ActiveCfg = Debug|x64
		{BC574174-D077-3DDD-A0B7-30F665C68BDD}.Debug|x64.Build.0 = Debug|x64
		{BC574174-D077-3DDD-A0B7-30F665C68BDD}.RelWithDebInfo|x64.ActiveCfg = RelWithDebInfo|x64
		{BC574174-D077-3DDD-A0B7-30F665C68BDD}.RelWithDebInfo|x64.Build.0 = RelWithDebInfo|x64
		{BC574174-D077-3DDD-A0B7-30F665C68BDD}.Release|x64.ActiveCfg = Release|x64
		{BC574174-D077-3DDD-A0B7-30F665C68BDD}.Release|x64.Build.0 = Release|x64
		{2C0A74F1-2AAD-3554-963D-77428B72F5ED}.Debug|x64.ActiveCfg = Debug|x64
		{2C0A74F1-2AAD-3554-963D-77428B72F5ED}.Debug|x64.Build.0 = Debug|x64
		{2C0A74F1-2AAD-3554-963D-77428B72F5ED}.RelWithDebInfo|x64.ActiveCfg = RelWithDebInfo|x64
		{2C0A74F1-2AAD-3554-963D-77428B72F5ED}.RelWithDebInfo|x64.Build.0 = RelWithDebInfo|x64
		{2C0A74F1-2AAD-3554-963D-77428B72F5ED}.Release|x64.ActiveCfg = Release|x64
		{2C0A74F1-2AAD-3554-963D-77428B72F5ED}.Release|x64.Build.0 = Release|x64
		{2C759EC0-37A8-3687-AE13-FD984117C866}.Debug|x64.ActiveCfg = Debug|x64
		{2C759EC0-37A8-3687-AE13-FD984117C866}.Debug|x64.Build.0 = Debug|x64
		{2C759EC0-37A8-3687-AE13-FD984117C866}.RelWithDebInfo|x64.ActiveCfg = RelWithDebInfo|x64
		{2C759EC0-37A8-3687-AE13-FD984117C866}.RelWithDebInfo|x64.Build.0 = RelWithDebInfo|x64
		{2C759EC0-37A8-3687-AE13-FD984117C866}.Release|x64.ActiveCfg = Release|x64
		{2C759EC0-37A8-3687-AE13-FD984117C866}.Release|x64.Build.0 = Release|x64
		{CC791BE9-79CA-3A67-980F-2FAF9EDF80F5}.Debug|x64.ActiveCfg = Debug|x64
		{CC791BE9-79CA-3A67-980F-2FAF9EDF80F5}.Debug|x64.Build.0 = Debug|x64
		{CC791BE9-79CA-3A67-980F-2FAF9EDF80F5}.RelWithDebInfo|x64.ActiveCfg = RelWithDebInfo|x64
		{CC791BE9-79CA-3A67-980F-2FAF9EDF80F5}.RelWithDebInfo|x64.Build.0 = RelWithDebInfo|x64
		{CC791BE9-79CA-3A67-980F-2FAF9EDF80F5}.Release|x64.ActiveCfg = Release|x64
		{CC791BE9-79CA-3A67-980F-2FAF9EDF80F5}.Release|x64.Build.0 = Release|x64
		{746CB1E0-6030-3027-9462-027260DE7D46}.Debug|x64.ActiveCfg = Debug|x64
		{746CB1E0-6030-3027-9462-027260DE7D46}.Debug|x64.Build.0 = Debug|x64
		{746CB1E0-6030-3027-9462-027260DE7D46}.RelWithDebInfo|x64.ActiveCfg = RelWithDebInfo|x64
		{746CB1E0-6030-3027-9462-027260DE7D46}.RelWithDebInfo|x64.Build.0 = RelWithDebInfo|x64
		{746CB1E0-6030-3027-9462-027260DE7D46}.Release|x64.ActiveCfg = Release|x64
		{746CB1E0-6030-3027-9462-027260DE7D46}.Release|x64.Build.0 = Release|x64
		{E52FDA45-E16F-3D5F-BB7A-F38C575F6B41}.Debug|x64.ActiveCfg = Debug|x64
		{E52FDA45-E16F-3D5F-BB7A-F38C575F6B41}.Debug|x64.Build.0 = Debug|x64
		{E52FDA45-E16F-3D5F-BB7A-F38C575F6B41}.RelWithDebInfo|x64.ActiveCfg = RelWithDebInfo|x64
		{E52FDA45-E16F-3D5F-BB7A-F38C575F6B41}.RelWithDebInfo|x64.Build.0 = RelWithDebInfo|x64
		{E52FDA45-E16F-3D5F-BB7A-F38C575F6B41}.Release|x64.ActiveCfg = Release|x64
		{E52FDA45-E16F-3D5F-BB7A-F38C575F6B41}.Release|x64.Build.0 = Release|x64
		{13553A07-15F6-3835-90CA-A51289F0716B}.Debug|x64.ActiveCfg = Debug|x64
		{13553A07-15F6-3835-90CA-A51289F0716B}.Debug|x64.Build.0 = Debug|x64
		{13553A07-15F6-3835-90CA-A51289F0716B}.RelWithDebInfo|x64.ActiveCfg = RelWithDebInfo|x64
		{13553A07-15F6-3835-90CA-A51289F0716B}.RelWithDebInfo|x64.Build.0 = RelWithDebInfo|x64
		{13553A07-15F6-3835-90CA-A51289F0716B}.Release|x64.ActiveCfg = Release|x64
		{13553A07-15F6-3835-90CA-A51289F0716B}.Release|x64.Build.0 = Release|x64
		{223B9E94-708A-33C8-81DD-2F6849F44804}.Debug|x64.ActiveCfg = Debug|x64
		{223B9E94-708A-33C8-81DD-2F6849F44804}.Debug|x64.Build.0 = Debug|x64
		{223B9E94-708A-33C8-81DD-2F6849F44804}.RelWithDebInfo|x64.ActiveCfg = RelWithDebInfo|x64
		{223B9E94-708A-33C8-81DD-2F6849F44804}.RelWithDebInfo|x64.Build.0 = RelWithDebInfo|x64
		{223B9E94-708A-33C8-81DD-2F6849F44804}.Release|x64.ActiveCfg = Release|x64
		{223B9E94-708A-33C8-81DD-2F6849F44804}.Release|x64.Build.0 = Release|x64
		{10ACAAF8-7E5A-38E6-BAA8-CBDD75D4DF6C}.Debug|x64.ActiveCfg = Debug|x64
		{10ACAAF8-7E5A-38E6-BAA8-CBDD75D4DF6C}.RelWithDebInfo|x64.ActiveCfg = RelWithDebInfo|x64
		{10ACAAF8-7E5A-38E6-BAA8-CBDD75D4DF6C}.Release|x64.ActiveCfg = Release|x64
		{4F4F5FF6-8807-3EA9-B656-4BD4C3519513}.Debug|x64.ActiveCfg = Debug|x64
		{4F4F5FF6-8807-3EA9-B656-4BD4C3519513}.Debug|x64.Build.0 = Debug|x64
		{4F4F5FF6-8807-3EA9-B656-4BD4C3519513}.RelWithDebInfo|x64.ActiveCfg = RelWithDebInfo|x64
		{4F4F5FF6-8807-3EA9-B656-4BD4C3519513}.RelWithDebInfo|x64.Build.0 = RelWithDebInfo|x64
		{4F4F5FF6-8807-3EA9-B656-4BD4C3519513}.Release|x64.ActiveCfg = Release|x64
		{4F4F5FF6-8807-3EA9-B656-4BD4C3519513}.Release|x64.Build.0 = Release|x64
		{C8ED4765-BD00-3040-ADBD-6067D53C281F}.Debug|x64.ActiveCfg = Debug|x64
		{C8ED4765-BD00-3040-ADBD-6067D53C281F}.Debug|x64.Build.0 = Debug|x64
		{C8ED4765-BD00-3040-ADBD-6067D53C281F}.RelWithDebInfo|x64.ActiveCfg = RelWithDebInfo|x64
		{C8ED4765-BD00-3040-ADBD-6067D53C281F}.RelWithDebInfo|x64.Build.0 = RelWithDebInfo|x64
		{C8ED4765-BD00-3040-ADBD-6067D53C281F}.Release|x64.ActiveCfg = Release|x64
		{C8ED4765-BD00-3040-ADBD-6067D53C281F}.Release|x64.Build.0 = Release|x64
		{0B032A15-328A-3F08-8274-FBF562A6DDE2}.Debug|x64.ActiveCfg = Debug|x64
		{0B032A15-328A-3F08-8274-FBF562A6DDE2}.Debug|x64.Build.0 = Debug|x64
		{0B032A15-328A-3F08-8274-FBF562A6DDE2}.RelWithDebInfo|x64.ActiveCfg = RelWithDebInfo|x64
		{0B032A15-328A-3F08-8274-FBF562A6DDE2}.RelWithDebInfo|x64.Build.0 = RelWithDebInfo|x64
		{0B032A15-328A-3F08-8274-FBF562A6DDE2}.Release|x64.ActiveCfg = Release|x64
		{0B032A15-328A-3F08-8274-FBF562A6DDE2}.Release|x64.Build.0 = Release|x64
		{2532C784-BAFC-34AE-B306-89E1FB1849CF}.Debug|x64.ActiveCfg = Debug|x64
		{2532C784-BAFC-34AE-B306-89E1FB1849CF}.Debug|x64.Build.0 = Debug|x64
		{2532C784-BAFC-34AE-B306-89E1FB1849CF}.RelWithDebInfo|x64.ActiveCfg = RelWithDebInfo|x64
		{2532C784-BAFC-34AE-B306-89E1FB1849CF}.RelWithDebInfo|x64.Build.0 = RelWithDebInfo|x64
		{2532C784-BAFC-34AE-B306-89E1FB1849CF}.Release|x64.ActiveCfg = Release|x64
		{2532C784-BAFC-34AE-B306-89E1FB1849CF}.Release|x64.Build.0 = Release|x64
		{77782B97-6297-3395-8B9A-F8F68C5F09E5}.Debug|x64.ActiveCfg = Debug|x64
		{77782B97-6297-3395-8B9A-F8F68C5F09E5}.Debug|x64.Build.0 = Debug|x64
		{77782B97-6297-3395-8B9A-F8F68C5F09E5}.RelWithDebInfo|x64.ActiveCfg = RelWithDebInfo|x64
		{77782B97-6297-3395-8B9A-F8F68C5F09E5}.RelWithDebInfo|x64.Build.0 = RelWithDebInfo|x64
		{77782B97-6297-3395-8B9A-F8F68C5F09E5}.Release|x64.ActiveCfg = Release|x64
		{77782B97-6297-3395-8B9A-F8F68C5F09E5}.Release|x64.Build.0 = Release|x64
		{D4C65DA1-A7BE-3BF3-A3FA-FE666F4C6EF0}.Debug|x64.ActiveCfg = Debug|x64
		{D4C65DA1-A7BE-3BF3-A3FA-FE666F4C6EF0}.Debug|x64.Build.0 = Debug|x64
		{D4C65DA1-A7BE-3BF3-A3FA-FE666F4C6EF0}.RelWithDebInfo|x64.ActiveCfg = RelWithDebInfo|x64
		{D4C65DA1-A7BE-3BF3-A3FA-FE666F4C6EF0}.RelWithDebInfo|x64.Build.0 = RelWithDebInfo|x64
		{D4C65DA1-A7BE-3BF3-A3FA-FE666F4C6EF0}.Release|x64.ActiveCfg = Release|x64
		{D4C65DA1-A7BE-3BF3-A3FA-FE666F4C6EF0}.Release|x64.Build.0 = Release|x64
		{B365616A-6B04-3A15-BF3D-EA794505F4B8}.Debug|x64.ActiveCfg = Debug|x64
		{B365616A-6B04-3A15-BF3D-EA794505F4B8}.Debug|x64.Build.0 = Debug|x64
		{B365616A-6B04-3A15-BF3D-EA794505F4B8}.RelWithDebInfo|x64.ActiveCfg = RelWithDebInfo|x64
		{B365616A-6B04-3A15-BF3D-EA794505F4B8}.RelWithDebInfo|x64.Build.0 = RelWithDebInfo|x64
		{B365616A-6B04-3A15-BF3D-EA794505F4B8}.Release|x64.ActiveCfg = Release|x64
		{B365616A-6B04-3A15-BF3D-EA794505F4B8}.Release|x64.Build.0 = Release|x64
		{6F37D858-DDA8-3520-8549-9A63E93B67F3}.Debug|x64.ActiveCfg = Debug|x64
		{6F37D858-DDA8-3520-8549-9A63E93B67F3}.Debug|x64.Build.0 = Debug|x64
		{6F37D858-DDA8-3520-8549-9A63E93B67F3}.RelWithDebInfo|x64.ActiveCfg = RelWithDebInfo|x64
		{6F37D858-DDA8-3520-8549-9A63E93B67F3}.RelWithDebInfo|x64.Build.0 = RelWithDebInfo|x64
		{6F37D858-DDA8-3520-8549-9A63E93B67F3}.Release|x64.ActiveCfg = Release|x64
		{6F37D858-DDA8-3520-8549-9A63E93B67F3}.Release|x64.Build.0 = Release|x64
		{2D406385-D8B8-354B-AD7E-1E5A9A369287}.Debug|x64.ActiveCfg = Debug|x64
		{2D406385-D8B8-354B-AD7E-1E5A9A369287}.Debug|x64.Build.0 = Debug|x64
		{2D406385-D8B8-354B-AD7E-1E5A9A369287}.RelWithDebInfo|x64.ActiveCfg = RelWithDebInfo|x64
		{2D406385-D8B8-354B-AD7E-1E5A9A369287}.RelWithDebInfo|x64.Build.0 = RelWithDebInfo|x64
		{2D406385-D8B8-354B-AD7E-1E5A9A369287}.Release|x64.ActiveCfg = Release|x64
		{2D406385-D8B8-354B-AD7E-1E5A9A369287}.Release|x64.Build.0 = Release|x64
		{EBB2FADB-78FB-36CA-A3DF-A191561A07F8}.Debug|x64.ActiveCfg = Debug|x64
		{EBB2FADB-78FB-36CA-A3DF-A191561A07F8}.Debug|x64.Build.0 = Debug|x64
		{EBB2FADB-78FB-36CA-A3DF-A191561A07F8}.RelWithDebInfo|x64.ActiveCfg = RelWithDebInfo|x64
		{EBB2FADB-78FB-36CA-A3DF-A191561A07F8}.RelWithDebInfo|x64.Build.0 = RelWithDebInfo|x64
		{EBB2FADB-78FB-36CA-A3DF-A191561A07F8}.Release|x64.ActiveCfg = Release|x64
		{EBB2FADB-78FB-36CA-A3DF-A191561A07F8}.Release|x64.Build.0 = Release|x64
		{FD8FE6FA-CBE6-3E0B-B5AE-E7ADFB8B828A}.Debug|x64.ActiveCfg = Debug|x64
		{FD8FE6FA-CBE6-3E0B-B5AE-E7ADFB8B828A}.Debug|x64.Build.0 = Debug|x64
		{FD8FE6FA-CBE6-3E0B-B5AE-E7ADFB8B828A}.RelWithDebInfo|x64.ActiveCfg = RelWithDebInfo|x64
		{FD8FE6FA-CBE6-3E0B-B5AE-E7ADFB8B828A}.RelWithDebInfo|x64.Build.0 = RelWithDebInfo|x64
		{FD8FE6FA-CBE6-3E0B-B5AE-E7ADFB8B828A}.Release|x64.ActiveCfg = Release|x64
		{FD8FE6FA-CBE6-3E0B-B5AE-E7ADFB8B828A}.Release|x64.Build.0 = Release|x64
		{5CE59687-E560-323D-A521-613342FB96EE}.Debug|x64.ActiveCfg = Debug|x64
		{5CE59687-E560-323D-A521-613342FB96EE}.Debug|x64.Build.0 = Debug|x64
		{5CE59687-E560-323D-A521-613342FB96EE}.RelWithDebInfo|x64.ActiveCfg = RelWithDebInfo|x64
		{5CE59687-E560-323D-A521-613342FB96EE}.RelWithDebInfo|x64.Build.0 = RelWithDebInfo|x64
		{5CE59687-E560-323D-A521-613342FB96EE}.Release|x64.ActiveCfg = Release|x64
		{5CE59687-E560-323D-A521-613342FB96EE}.Release|x64.Build.0 = Release|x64
		{63A083AC-2DBB-348C-8F57-B4FA2F9E841F}.Debug|x64.ActiveCfg = Debug|x64
		{63A083AC-2DBB-348C-8F57-B4FA2F9E841F}.RelWithDebInfo|x64.ActiveCfg = RelWithDebInfo|x64
		{63A083AC-2DBB-348C-8F57-B4FA2F9E841F}.Release|x64.ActiveCfg = Release|x64
		{04BE2511-B843-3C6D-A265-E05BEC8C661B}.Debug|x64.ActiveCfg = Debug|x64
		{04BE2511-B843-3C6D-A265-E05BEC8C661B}.Debug|x64.Build.0 = Debug|x64
		{04BE2511-B843-3C6D-A265-E05BEC8C661B}.RelWithDebInfo|x64.ActiveCfg = RelWithDebInfo|x64
		{04BE2511-B843-3C6D-A265-E05BEC8C661B}.RelWithDebInfo|x64.Build.0 = RelWithDebInfo|x64
		{04BE2511-B843-3C6D-A265-E05BEC8C661B}.Release|x64.ActiveCfg = Release|x64
		{04BE2511-B843-3C6D-A265-E05BEC8C661B}.Release|x64.Build.0 = Release|x64
		{E216B0AF-8572-3FF6-AA38-AA0C4D8C8601}.Debug|x64.ActiveCfg = Debug|x64
		{E216B0AF-8572-3FF6-AA38-AA0C4D8C8601}.Debug|x64.Build.0 = Debug|x64
		{E216B0AF-8572-3FF6-AA38-AA0C4D8C8601}.RelWithDebInfo|x64.ActiveCfg = RelWithDebInfo|x64
		{E216B0AF-8572-3FF6-AA38-AA0C4D8C8601}.RelWithDebInfo|x64.Build.0 = RelWithDebInfo|x64
		{E216B0AF-8572-3FF6-AA38-AA0C4D8C8601}.Release|x64.ActiveCfg = Release|x64
		{E216B0AF-8572-3FF6-AA38-AA0C4D8C8601}.Release|x64.Build.0 = Release|x64
	EndGlobalSection
	GlobalSection(NestedProjects) = preSolution
		{1CFF106B-97CD-39AF-9B3C-0752993BD4BE} = {B5679480-77AB-3E8F-B160-8EA454B856DC}
		{10ACAAF8-7E5A-38E6-BAA8-CBDD75D4DF6C} = {B5679480-77AB-3E8F-B160-8EA454B856DC}
		{FD8FE6FA-CBE6-3E0B-B5AE-E7ADFB8B828A} = {8333D9DF-B5E4-3FE7-895B-FDC0F12F2AD5}
		{5CE59687-E560-323D-A521-613342FB96EE} = {8333D9DF-B5E4-3FE7-895B-FDC0F12F2AD5}
		{04BE2511-B843-3C6D-A265-E05BEC8C661B} = {8333D9DF-B5E4-3FE7-895B-FDC0F12F2AD5}
		{FAB1F674-280A-301D-87AB-58EFA76C3B97} = {827F19BD-AF24-3183-B2F0-9E892CB388CB}
		{6E802E47-D5B7-3ADE-B512-4CEC97AA1ECB} = {827F19BD-AF24-3183-B2F0-9E892CB388CB}
		{DC1107B3-25CE-3F98-B82E-73F3570284F3} = {827F19BD-AF24-3183-B2F0-9E892CB388CB}
		{7337392B-3580-3749-BB38-21FA8D63DA01} = {827F19BD-AF24-3183-B2F0-9E892CB388CB}
		{EA6AD468-8C46-32E3-A27D-9DD14C4AEAB0} = {827F19BD-AF24-3183-B2F0-9E892CB388CB}
		{3A5C76B8-8882-3B68-A68C-2183EDD77248} = {827F19BD-AF24-3183-B2F0-9E892CB388CB}
		{460EF14B-50BB-3AB5-BA31-2D6ECE2BDE10} = {827F19BD-AF24-3183-B2F0-9E892CB388CB}
		{CC791BE9-79CA-3A67-980F-2FAF9EDF80F5} = {827F19BD-AF24-3183-B2F0-9E892CB388CB}
		{223B9E94-708A-33C8-81DD-2F6849F44804} = {827F19BD-AF24-3183-B2F0-9E892CB388CB}
		{77782B97-6297-3395-8B9A-F8F68C5F09E5} = {827F19BD-AF24-3183-B2F0-9E892CB388CB}
		{D4C65DA1-A7BE-3BF3-A3FA-FE666F4C6EF0} = {827F19BD-AF24-3183-B2F0-9E892CB388CB}
		{6F37D858-DDA8-3520-8549-9A63E93B67F3} = {827F19BD-AF24-3183-B2F0-9E892CB388CB}
		{2D406385-D8B8-354B-AD7E-1E5A9A369287} = {827F19BD-AF24-3183-B2F0-9E892CB388CB}
		{63A083AC-2DBB-348C-8F57-B4FA2F9E841F} = {827F19BD-AF24-3183-B2F0-9E892CB388CB}
	EndGlobalSection
	GlobalSection(ExtensibilityGlobals) = postSolution
		SolutionGuid = {C811B468-6E37-36C6-8E60-54C3F2AB4EAC}
	EndGlobalSection
	GlobalSection(ExtensibilityAddIns) = postSolution
	EndGlobalSection
EndGlobal
