<?xml version="1.0" encoding="utf-8"?>
<Project ToolsVersion="16.0" xmlns="http://schemas.microsoft.com/developer/msbuild/2003">
  <ItemGroup>
    <ClCompile Include="C:\Users\bmali\AppData\Roaming\Mcash Git\Mcash\tests\TransfersTests\TestNodeRpcProxy.cpp" />
    <ClCompile Include="C:\Users\bmali\AppData\Roaming\Mcash Git\Mcash\tests\TransfersTests\TestTxPoolSync.cpp" />
    <ClCompile Include="C:\Users\bmali\AppData\Roaming\Mcash Git\Mcash\tests\TransfersTests\Tests.cpp" />
    <ClCompile Include="C:\Users\bmali\AppData\Roaming\Mcash Git\Mcash\tests\TransfersTests\main.cpp" />
  </ItemGroup>
  <ItemGroup>
    <ClInclude Include="C:\Users\bmali\AppData\Roaming\Mcash Git\Mcash\tests\TransfersTests\Globals.h" />
  </ItemGroup>
  <ItemGroup>
  </ItemGroup>
</Project>
