<?xml version="1.0" encoding="utf-8"?>
<Project ToolsVersion="16.0" xmlns="http://schemas.microsoft.com/developer/msbuild/2003">
  <ItemGroup>
    <ClCompile Include="C:\Users\bmali\AppData\Roaming\Mcash Git\Mcash\src\CryptoNoteCore\Account.cpp" />
    <ClCompile Include="C:\Users\bmali\AppData\Roaming\Mcash Git\Mcash\src\CryptoNoteCore\BlockIndex.cpp" />
    <ClCompile Include="C:\Users\bmali\AppData\Roaming\Mcash Git\Mcash\src\CryptoNoteCore\Blockchain.cpp" />
    <ClCompile Include="C:\Users\bmali\AppData\Roaming\Mcash Git\Mcash\src\CryptoNoteCore\BlockchainIndices.cpp" />
    <ClCompile Include="C:\Users\bmali\AppData\Roaming\Mcash Git\Mcash\src\CryptoNoteCore\BlockchainMessages.cpp" />
    <ClCompile Include="C:\Users\bmali\AppData\Roaming\Mcash Git\Mcash\src\CryptoNoteCore\Checkpoints.cpp" />
    <ClCompile Include="C:\Users\bmali\AppData\Roaming\Mcash Git\Mcash\src\CryptoNoteCore\Core.cpp" />
    <ClCompile Include="C:\Users\bmali\AppData\Roaming\Mcash Git\Mcash\src\CryptoNoteCore\CoreConfig.cpp" />
    <ClCompile Include="C:\Users\bmali\AppData\Roaming\Mcash Git\Mcash\src\CryptoNoteCore\CryptoNoteBasic.cpp" />
    <ClCompile Include="C:\Users\bmali\AppData\Roaming\Mcash Git\Mcash\src\CryptoNoteCore\CryptoNoteBasicImpl.cpp" />
    <ClCompile Include="C:\Users\bmali\AppData\Roaming\Mcash Git\Mcash\src\CryptoNoteCore\CryptoNoteFormatUtils.cpp" />
    <ClCompile Include="C:\Users\bmali\AppData\Roaming\Mcash Git\Mcash\src\CryptoNoteCore\CryptoNoteSerialization.cpp" />
    <ClCompile Include="C:\Users\bmali\AppData\Roaming\Mcash Git\Mcash\src\CryptoNoteCore\CryptoNoteTools.cpp" />
    <ClCompile Include="C:\Users\bmali\AppData\Roaming\Mcash Git\Mcash\src\CryptoNoteCore\Currency.cpp" />
    <ClCompile Include="C:\Users\bmali\AppData\Roaming\Mcash Git\Mcash\src\CryptoNoteCore\Difficulty.cpp" />
    <ClCompile Include="C:\Users\bmali\AppData\Roaming\Mcash Git\Mcash\src\CryptoNoteCore\IBlock.cpp" />
    <ClCompile Include="C:\Users\bmali\AppData\Roaming\Mcash Git\Mcash\src\CryptoNoteCore\ITimeProvider.cpp" />
    <ClCompile Include="C:\Users\bmali\AppData\Roaming\Mcash Git\Mcash\src\CryptoNoteCore\Miner.cpp" />
    <ClCompile Include="C:\Users\bmali\AppData\Roaming\Mcash Git\Mcash\src\CryptoNoteCore\MinerConfig.cpp" />
    <ClCompile Include="C:\Users\bmali\AppData\Roaming\Mcash Git\Mcash\src\CryptoNoteCore\SwappedMap.cpp" />
    <ClCompile Include="C:\Users\bmali\AppData\Roaming\Mcash Git\Mcash\src\CryptoNoteCore\SwappedVector.cpp" />
    <ClCompile Include="C:\Users\bmali\AppData\Roaming\Mcash Git\Mcash\src\CryptoNoteCore\Transaction.cpp" />
    <ClCompile Include="C:\Users\bmali\AppData\Roaming\Mcash Git\Mcash\src\CryptoNoteCore\TransactionExtra.cpp" />
    <ClCompile Include="C:\Users\bmali\AppData\Roaming\Mcash Git\Mcash\src\CryptoNoteCore\TransactionPool.cpp" />
    <ClCompile Include="C:\Users\bmali\AppData\Roaming\Mcash Git\Mcash\src\CryptoNoteCore\TransactionPrefixImpl.cpp" />
    <ClCompile Include="C:\Users\bmali\AppData\Roaming\Mcash Git\Mcash\src\CryptoNoteCore\TransactionUtils.cpp" />
  </ItemGroup>
  <ItemGroup>
    <ClInclude Include="C:\Users\bmali\AppData\Roaming\Mcash Git\Mcash\src\CryptoNoteConfig.h" />
    <ClInclude Include="C:\Users\bmali\AppData\Roaming\Mcash Git\Mcash\src\CryptoNoteCore\Account.h" />
    <ClInclude Include="C:\Users\bmali\AppData\Roaming\Mcash Git\Mcash\src\CryptoNoteCore\BlockIndex.h" />
    <ClInclude Include="C:\Users\bmali\AppData\Roaming\Mcash Git\Mcash\src\CryptoNoteCore\Blockchain.h" />
    <ClInclude Include="C:\Users\bmali\AppData\Roaming\Mcash Git\Mcash\src\CryptoNoteCore\BlockchainIndices.h" />
    <ClInclude Include="C:\Users\bmali\AppData\Roaming\Mcash Git\Mcash\src\CryptoNoteCore\BlockchainMessages.h" />
    <ClInclude Include="C:\Users\bmali\AppData\Roaming\Mcash Git\Mcash\src\CryptoNoteCore\Checkpoints.h" />
    <ClInclude Include="C:\Users\bmali\AppData\Roaming\Mcash Git\Mcash\src\CryptoNoteCore\Core.h" />
    <ClInclude Include="C:\Users\bmali\AppData\Roaming\Mcash Git\Mcash\src\CryptoNoteCore\CoreConfig.h" />
    <ClInclude Include="C:\Users\bmali\AppData\Roaming\Mcash Git\Mcash\src\CryptoNoteCore\CryptoNoteBasic.h" />
    <ClInclude Include="C:\Users\bmali\AppData\Roaming\Mcash Git\Mcash\src\CryptoNoteCore\CryptoNoteBasicImpl.h" />
    <ClInclude Include="C:\Users\bmali\AppData\Roaming\Mcash Git\Mcash\src\CryptoNoteCore\CryptoNoteFormatUtils.h" />
    <ClInclude Include="C:\Users\bmali\AppData\Roaming\Mcash Git\Mcash\src\CryptoNoteCore\CryptoNoteSerialization.h" />
    <ClInclude Include="C:\Users\bmali\AppData\Roaming\Mcash Git\Mcash\src\CryptoNoteCore\CryptoNoteStatInfo.h" />
    <ClInclude Include="C:\Users\bmali\AppData\Roaming\Mcash Git\Mcash\src\CryptoNoteCore\CryptoNoteTools.h" />
    <ClInclude Include="C:\Users\bmali\AppData\Roaming\Mcash Git\Mcash\src\CryptoNoteCore\Currency.h" />
    <ClInclude Include="C:\Users\bmali\AppData\Roaming\Mcash Git\Mcash\src\CryptoNoteCore\Difficulty.h" />
    <ClInclude Include="C:\Users\bmali\AppData\Roaming\Mcash Git\Mcash\src\CryptoNoteCore\IBlock.h" />
    <ClInclude Include="C:\Users\bmali\AppData\Roaming\Mcash Git\Mcash\src\CryptoNoteCore\IBlockchainStorageObserver.h" />
    <ClInclude Include="C:\Users\bmali\AppData\Roaming\Mcash Git\Mcash\src\CryptoNoteCore\ICore.h" />
    <ClInclude Include="C:\Users\bmali\AppData\Roaming\Mcash Git\Mcash\src\CryptoNoteCore\ICoreObserver.h" />
    <ClInclude Include="C:\Users\bmali\AppData\Roaming\Mcash Git\Mcash\src\CryptoNoteCore\IMinerHandler.h" />
    <ClInclude Include="C:\Users\bmali\AppData\Roaming\Mcash Git\Mcash\src\CryptoNoteCore\ITimeProvider.h" />
    <ClInclude Include="C:\Users\bmali\AppData\Roaming\Mcash Git\Mcash\src\CryptoNoteCore\ITransactionValidator.h" />
    <ClInclude Include="C:\Users\bmali\AppData\Roaming\Mcash Git\Mcash\src\CryptoNoteCore\ITxPoolObserver.h" />
    <ClInclude Include="C:\Users\bmali\AppData\Roaming\Mcash Git\Mcash\src\CryptoNoteCore\IntrusiveLinkedList.h" />
    <ClInclude Include="C:\Users\bmali\AppData\Roaming\Mcash Git\Mcash\src\CryptoNoteCore\MessageQueue.h" />
    <ClInclude Include="C:\Users\bmali\AppData\Roaming\Mcash Git\Mcash\src\CryptoNoteCore\Miner.h" />
    <ClInclude Include="C:\Users\bmali\AppData\Roaming\Mcash Git\Mcash\src\CryptoNoteCore\MinerConfig.h" />
    <ClInclude Include="C:\Users\bmali\AppData\Roaming\Mcash Git\Mcash\src\CryptoNoteCore\OnceInInterval.h" />
    <ClInclude Include="C:\Users\bmali\AppData\Roaming\Mcash Git\Mcash\src\CryptoNoteCore\SwappedMap.h" />
    <ClInclude Include="C:\Users\bmali\AppData\Roaming\Mcash Git\Mcash\src\CryptoNoteCore\SwappedVector.h" />
    <ClInclude Include="C:\Users\bmali\AppData\Roaming\Mcash Git\Mcash\src\CryptoNoteCore\TransactionApi.h" />
    <ClInclude Include="C:\Users\bmali\AppData\Roaming\Mcash Git\Mcash\src\CryptoNoteCore\TransactionApiExtra.h" />
    <ClInclude Include="C:\Users\bmali\AppData\Roaming\Mcash Git\Mcash\src\CryptoNoteCore\TransactionExtra.h" />
    <ClInclude Include="C:\Users\bmali\AppData\Roaming\Mcash Git\Mcash\src\CryptoNoteCore\TransactionPool.h" />
    <ClInclude Include="C:\Users\bmali\AppData\Roaming\Mcash Git\Mcash\src\CryptoNoteCore\TransactionUtils.h" />
    <ClInclude Include="C:\Users\bmali\AppData\Roaming\Mcash Git\Mcash\src\CryptoNoteCore\VerificationContext.h" />
  </ItemGroup>
  <ItemGroup>
  </ItemGroup>
</Project>
